
Microsoft Visual Studio Solution File, Format Version 12.00
# Visual Studio Version 16
VisualStudioVersion = 16.0.31321.278
MinimumVisualStudioVersion = 10.0.40219.1
Project("{FAE04EC0-301F-11D3-BF4B-00C04F79EFBC}") = "Exercise_ADO.NET", "Exercise_ADO.NET\Exercise_ADO.NET.csproj", "{973E22C3-4A92-4B74-967E-B53D1E5DBFFA}"
EndProject
Global
	GlobalSection(SolutionConfigurationPlatforms) = preSolution
		Debug|Any CPU = Debug|Any CPU
		Release|Any CPU = Release|Any CPU
	EndGlobalSection
	GlobalSection(ProjectConfigurationPlatforms) = postSolution
		{973E22C3-4A92-4B74-967E-B53D1E5DBFFA}.Debug|Any CPU.ActiveCfg = Debug|Any CPU
		{973E22C3-4A92-4B74-967E-B53D1E5DBFFA}.Debug|Any CPU.Build.0 = Debug|Any CPU
		{973E22C3-4A92-4B74-967E-B53D1E5DBFFA}.Release|Any CPU.ActiveCfg = Release|Any CPU
		{973E22C3-4A92-4B74-967E-B53D1E5DBFFA}.Release|Any CPU.Build.0 = Release|Any CPU
	EndGlobalSection
	GlobalSection(SolutionProperties) = preSolution
		HideSolutionNode = FALSE
	EndGlobalSection
	GlobalSection(ExtensibilityGlobals) = postSolution
		SolutionGuid = {04CF18DC-5BA3-4E8C-B801-59C0B14EE7B5}
	EndGlobalSection
EndGlobal
