
Microsoft Visual Studio Solution File, Format Version 12.00
# Visual Studio Version 16
VisualStudioVersion = 16.0.31321.278
MinimumVisualStudioVersion = 10.0.40219.1
Project("{FAE04EC0-301F-11D3-BF4B-00C04F79EFBC}") = "SoftUni", "SoftUni\SoftUni.csproj", "{5947851B-1739-4E32-9D2D-517FD9809E24}"
EndProject
Global
	GlobalSection(SolutionConfigurationPlatforms) = preSolution
		Debug|Any CPU = Debug|Any CPU
		Release|Any CPU = Release|Any CPU
	EndGlobalSection
	GlobalSection(ProjectConfigurationPlatforms) = postSolution
		{5947851B-1739-4E32-9D2D-517FD9809E24}.Debug|Any CPU.ActiveCfg = Debug|Any CPU
		{5947851B-1739-4E32-9D2D-517FD9809E24}.Debug|Any CPU.Build.0 = Debug|Any CPU
		{5947851B-1739-4E32-9D2D-517FD9809E24}.Release|Any CPU.ActiveCfg = Release|Any CPU
		{5947851B-1739-4E32-9D2D-517FD9809E24}.Release|Any CPU.Build.0 = Release|Any CPU
	EndGlobalSection
	GlobalSection(SolutionProperties) = preSolution
		HideSolutionNode = FALSE
	EndGlobalSection
	GlobalSection(ExtensibilityGlobals) = postSolution
		SolutionGuid = {CE72876A-6793-487E-8185-8F0B8D9AB1A0}
	EndGlobalSection
EndGlobal
