
Microsoft Visual Studio Solution File, Format Version 12.00
# Visual Studio Version 16
VisualStudioVersion = 16.0.31321.278
MinimumVisualStudioVersion = 10.0.40219.1
Project("{FAE04EC0-301F-11D3-BF4B-00C04F79EFBC}") = "P03_FootballBetting", "P03_FootballBetting\P03_FootballBetting.csproj", "{FA8B102B-01C2-4167-BD71-1B9873B17D7E}"
EndProject
Project("{FAE04EC0-301F-11D3-BF4B-00C04F79EFBC}") = "P03_FootballBetting.Data", "P03_FootballBetting.Data\P03_FootballBetting.Data.csproj", "{2C3197DA-C75F-46FB-9344-0F42D628D79E}"
EndProject
Project("{FAE04EC0-301F-11D3-BF4B-00C04F79EFBC}") = "P03_FootballBetting.Data.Models", "P03_FootballBetting.Data.Models\P03_FootballBetting.Data.Models.csproj", "{B09FF7ED-FA79-483A-AA96-864234D9E7D2}"
EndProject
Global
	GlobalSection(SolutionConfigurationPlatforms) = preSolution
		Debug|Any CPU = Debug|Any CPU
		Release|Any CPU = Release|Any CPU
	EndGlobalSection
	GlobalSection(ProjectConfigurationPlatforms) = postSolution
		{FA8B102B-01C2-4167-BD71-1B9873B17D7E}.Debug|Any CPU.ActiveCfg = Debug|Any CPU
		{FA8B102B-01C2-4167-BD71-1B9873B17D7E}.Debug|Any CPU.Build.0 = Debug|Any CPU
		{FA8B102B-01C2-4167-BD71-1B9873B17D7E}.Release|Any CPU.ActiveCfg = Release|Any CPU
		{FA8B102B-01C2-4167-BD71-1B9873B17D7E}.Release|Any CPU.Build.0 = Release|Any CPU
		{2C3197DA-C75F-46FB-9344-0F42D628D79E}.Debug|Any CPU.ActiveCfg = Debug|Any CPU
		{2C3197DA-C75F-46FB-9344-0F42D628D79E}.Debug|Any CPU.Build.0 = Debug|Any CPU
		{2C3197DA-C75F-46FB-9344-0F42D628D79E}.Release|Any CPU.ActiveCfg = Release|Any CPU
		{2C3197DA-C75F-46FB-9344-0F42D628D79E}.Release|Any CPU.Build.0 = Release|Any CPU
		{B09FF7ED-FA79-483A-AA96-864234D9E7D2}.Debug|Any CPU.ActiveCfg = Debug|Any CPU
		{B09FF7ED-FA79-483A-AA96-864234D9E7D2}.Debug|Any CPU.Build.0 = Debug|Any CPU
		{B09FF7ED-FA79-483A-AA96-864234D9E7D2}.Release|Any CPU.ActiveCfg = Release|Any CPU
		{B09FF7ED-FA79-483A-AA96-864234D9E7D2}.Release|Any CPU.Build.0 = Release|Any CPU
	EndGlobalSection
	GlobalSection(SolutionProperties) = preSolution
		HideSolutionNode = FALSE
	EndGlobalSection
	GlobalSection(ExtensibilityGlobals) = postSolution
		SolutionGuid = {C927A15F-4923-4EDD-9397-190A1AC0196E}
	EndGlobalSection
EndGlobal
